
Microsoft Visual Studio Solution File, Format Version 12.00
# Visual Studio Version 17
VisualStudioVersion = 17.0.31903.59
MinimumVisualStudioVersion = 10.0.40219.1
Project("{FAE04EC0-301F-11D3-BF4B-00C04F79EFBC}") = "ObserverPattern", "ObserverPattern.csproj", "{DE64318D-3581-4FA5-8646-88995711193E}"
EndProject
Global
	GlobalSection(SolutionConfigurationPlatforms) = preSolution
		Debug|Any CPU = Debug|Any CPU
		Release|Any CPU = Release|Any CPU
	EndGlobalSection
	GlobalSection(ProjectConfigurationPlatforms) = postSolution
		{DE64318D-3581-4FA5-8646-88995711193E}.Debug|Any CPU.ActiveCfg = Debug|Any CPU
		{DE64318D-3581-4FA5-8646-88995711193E}.Debug|Any CPU.Build.0 = Debug|Any CPU
		{DE64318D-3581-4FA5-8646-88995711193E}.Release|Any CPU.ActiveCfg = Release|Any CPU
		{DE64318D-3581-4FA5-8646-88995711193E}.Release|Any CPU.Build.0 = Release|Any CPU
	EndGlobalSection
	GlobalSection(SolutionProperties) = preSolution
		HideSolutionNode = FALSE
	EndGlobalSection
	GlobalSection(ExtensibilityGlobals) = postSolution
		SolutionGuid = {58AED404-A5DF-42C5-A9B7-9DD8356ACDC7}
	EndGlobalSection
EndGlobal
